// !$*UTF8*$!
{
	archiveVersion = 1;
	classes = {
	};
	objectVersion = 50;
	objects = {

/* Begin PBXBuildFile section */
		D3286E7C246B9F9500B0A958 /* XXcoreModel.xcdatamodeld in Sources */ = {isa = PBXBuildFile; fileRef = D3286E7A246B9F9500B0A958 /* XXcoreModel.xcdatamodeld */; };
		D3286E8C246BA6AD00B0A958 /* CoreDataViewController.m in Sources */ = {isa = PBXBuildFile; fileRef = D3286E8B246BA6AD00B0A958 /* CoreDataViewController.m */; };
		D3286E91246BD1A800B0A958 /* CoreData.framework in Frameworks */ = {isa = PBXBuildFile; fileRef = D3286E90246BD1A700B0A958 /* CoreData.framework */; };
		D3286E94246BD1BA00B0A958 /* XXcoreData.m in Sources */ = {isa = PBXBuildFile; fileRef = D3286E93246BD1BA00B0A958 /* XXcoreData.m */; };
		D32E8B8724519AB400AB33ED /* XXloginShell.m in Sources */ = {isa = PBXBuildFile; fileRef = D32E8B8624519AB400AB33ED /* XXloginShell.m */; };
		D3325A3924723E03000E6D95 /* TouchIDViewController.m in Sources */ = {isa = PBXBuildFile; fileRef = D3325A3824723E03000E6D95 /* TouchIDViewController.m */; };
		D33F537A245014B500B8D5E1 /* XXtextFieldShellVC.m in Sources */ = {isa = PBXBuildFile; fileRef = D33F5379245014B500B8D5E1 /* XXtextFieldShellVC.m */; };
		D33FF84C2466DEC800AF3652 /* AudioFileCell.m in Sources */ = {isa = PBXBuildFile; fileRef = D33FF84A2466DEC800AF3652 /* AudioFileCell.m */; };
		D33FF84D2466DEC800AF3652 /* AudioFileCell.xib in Resources */ = {isa = PBXBuildFile; fileRef = D33FF84B2466DEC800AF3652 /* AudioFileCell.xib */; };
		D348AB26244D99F000C7588F /* TableViewCodeCell.m in Sources */ = {isa = PBXBuildFile; fileRef = D348AB25244D99F000C7588F /* TableViewCodeCell.m */; };
		D34C486B24610A440031884A /* XXsceneDelegate.m in Sources */ = {isa = PBXBuildFile; fileRef = D34C486A24610A440031884A /* XXsceneDelegate.m */; };
		D34C4870246113200031884A /* UIViewController+SceneState.m in Sources */ = {isa = PBXBuildFile; fileRef = D34C486F246113200031884A /* UIViewController+SceneState.m */; };
		D34C4873246119A30031884A /* SceneDelegate.m in Sources */ = {isa = PBXBuildFile; fileRef = D34C4872246119A30031884A /* SceneDelegate.m */; };
		D34C487724613FB50031884A /* Readme.md in Resources */ = {isa = PBXBuildFile; fileRef = D34C487624613FB50031884A /* Readme.md */; };
		D3508822243FFCDD00B8BC8F /* XXtableViewShellVC.m in Sources */ = {isa = PBXBuildFile; fileRef = D3508821243FFCDD00B8BC8F /* XXtableViewShellVC.m */; };
		D35663DA2456F7CF00EAB7FB /* Security.framework in Frameworks */ = {isa = PBXBuildFile; fileRef = D35663D92456F7CF00EAB7FB /* Security.framework */; };
		D35E3203244FB44900300362 /* XXstackViewShellVC.m in Sources */ = {isa = PBXBuildFile; fileRef = D35E3202244FB44900300362 /* XXstackViewShellVC.m */; };
		D3659516243E8F59009F5228 /* XXtableViewShell.m in Sources */ = {isa = PBXBuildFile; fileRef = D365942D243E8F58009F5228 /* XXtableViewShell.m */; };
		D3659519243E8F59009F5228 /* UIView+Zoomable.m in Sources */ = {isa = PBXBuildFile; fileRef = D3659437243E8F58009F5228 /* UIView+Zoomable.m */; };
		D365951B243E8F59009F5228 /* UIViewController+Orientation.m in Sources */ = {isa = PBXBuildFile; fileRef = D3659439243E8F58009F5228 /* UIViewController+Orientation.m */; };
		D365951D243E8F59009F5228 /* XXaudioFormat.m in Sources */ = {isa = PBXBuildFile; fileRef = D365943D243E8F58009F5228 /* XXaudioFormat.m */; };
		D365951E243E8F59009F5228 /* XXcodecBase.m in Sources */ = {isa = PBXBuildFile; fileRef = D365943F243E8F58009F5228 /* XXcodecBase.m */; };
		D3659525243E8F59009F5228 /* XXstackViewShell.m in Sources */ = {isa = PBXBuildFile; fileRef = D365944D243E8F58009F5228 /* XXstackViewShell.m */; };
		D365952D243E8F59009F5228 /* WebViewPayShell.m in Sources */ = {isa = PBXBuildFile; fileRef = D3659461243E8F58009F5228 /* WebViewPayShell.m */; };
		D3659533243E8F59009F5228 /* UIViewController+ApplicationState.m in Sources */ = {isa = PBXBuildFile; fileRef = D3659471243E8F58009F5228 /* UIViewController+ApplicationState.m */; };
		D365955B243E8F59009F5228 /* XXshadowCreator.m in Sources */ = {isa = PBXBuildFile; fileRef = D36594C3243E8F59009F5228 /* XXshadowCreator.m */; };
		D365955C243E8F59009F5228 /* XXmtkRgbDelegate.m in Sources */ = {isa = PBXBuildFile; fileRef = D36594C4243E8F59009F5228 /* XXmtkRgbDelegate.m */; };
		D365955D243E8F59009F5228 /* XXmtkYuvDelegate.m in Sources */ = {isa = PBXBuildFile; fileRef = D36594C6243E8F59009F5228 /* XXmtkYuvDelegate.m */; };
		D365955E243E8F59009F5228 /* Metal.metal in Sources */ = {isa = PBXBuildFile; fileRef = D36594C7243E8F59009F5228 /* Metal.metal */; };
		D3659560243E8F59009F5228 /* XXmaskView.m in Sources */ = {isa = PBXBuildFile; fileRef = D36594CE243E8F59009F5228 /* XXmaskView.m */; };
		D3659562243E8F59009F5228 /* XXkeyboardAdapter.m in Sources */ = {isa = PBXBuildFile; fileRef = D36594D1243E8F59009F5228 /* XXkeyboardAdapter.m */; };
		D3659563243E8F59009F5228 /* XXappDelegate.m in Sources */ = {isa = PBXBuildFile; fileRef = D36594D4243E8F59009F5228 /* XXappDelegate.m */; };
		D3659564243E8F59009F5228 /* NSBundle+XXlanguage.m in Sources */ = {isa = PBXBuildFile; fileRef = D36594D8243E8F59009F5228 /* NSBundle+XXlanguage.m */; };
		D3659567243E8F59009F5228 /* XXbundleManager.m in Sources */ = {isa = PBXBuildFile; fileRef = D36594DB243E8F59009F5228 /* XXbundleManager.m */; };
		D3659568243E8F59009F5228 /* XXbundleManager+Language.m in Sources */ = {isa = PBXBuildFile; fileRef = D36594DE243E8F59009F5228 /* XXbundleManager+Language.m */; };
		D3659569243E8F59009F5228 /* Readme.MD in Resources */ = {isa = PBXBuildFile; fileRef = D36594E0243E8F59009F5228 /* Readme.MD */; };
		D365956A243E8F59009F5228 /* .gitignore in Resources */ = {isa = PBXBuildFile; fileRef = D36594E1243E8F59009F5228 /* .gitignore */; };
		D365956B243E8F59009F5228 /* .gitattributes in Resources */ = {isa = PBXBuildFile; fileRef = D36594E2243E8F59009F5228 /* .gitattributes */; };
		D36B7A392445DD2F001BBE89 /* MainViewController.m in Sources */ = {isa = PBXBuildFile; fileRef = D36B7A382445DD2F001BBE89 /* MainViewController.m */; };
		D37F4A47247346460065155C /* XXkeyChain.m in Sources */ = {isa = PBXBuildFile; fileRef = D37F4A46247346460065155C /* XXkeyChain.m */; };
		D37F69FD243C017E00DC2F28 /* AppDelegate.m in Sources */ = {isa = PBXBuildFile; fileRef = D37F69FC243C017E00DC2F28 /* AppDelegate.m */; };
		D37F6A06243C017E00DC2F28 /* Main.storyboard in Resources */ = {isa = PBXBuildFile; fileRef = D37F6A04243C017E00DC2F28 /* Main.storyboard */; };
		D37F6A08243C017F00DC2F28 /* Assets.xcassets in Resources */ = {isa = PBXBuildFile; fileRef = D37F6A07243C017F00DC2F28 /* Assets.xcassets */; };
		D37F6A0B243C017F00DC2F28 /* LaunchScreen.storyboard in Resources */ = {isa = PBXBuildFile; fileRef = D37F6A09243C017F00DC2F28 /* LaunchScreen.storyboard */; };
		D37F6A0E243C017F00DC2F28 /* main.m in Sources */ = {isa = PBXBuildFile; fileRef = D37F6A0D243C017F00DC2F28 /* main.m */; };
		D37F6A18243C017F00DC2F28 /* XXkitProjectTests.m in Sources */ = {isa = PBXBuildFile; fileRef = D37F6A17243C017F00DC2F28 /* XXkitProjectTests.m */; };
		D37F6A23243C017F00DC2F28 /* XXkitProjectUITests.m in Sources */ = {isa = PBXBuildFile; fileRef = D37F6A22243C017F00DC2F28 /* XXkitProjectUITests.m */; };
		D38624432462B10B00617E77 /* OrientationViewController.m in Sources */ = {isa = PBXBuildFile; fileRef = D38624422462B10B00617E77 /* OrientationViewController.m */; };
		D38C26982463FD0D00B88757 /* ZoomableViewController.m in Sources */ = {isa = PBXBuildFile; fileRef = D38C26972463FD0D00B88757 /* ZoomableViewController.m */; };
		D39097112459267000A850F6 /* XXlimitButtonShell.m in Sources */ = {isa = PBXBuildFile; fileRef = D39097102459267000A850F6 /* XXlimitButtonShell.m */; };
		D39097142459286800A850F6 /* XXtimer.m in Sources */ = {isa = PBXBuildFile; fileRef = D39097132459286700A850F6 /* XXtimer.m */; };
		D390971A2459592700A850F6 /* XXverificationCodeShell.m in Sources */ = {isa = PBXBuildFile; fileRef = D39097192459592700A850F6 /* XXverificationCodeShell.m */; };
		D39503B12447E5A4001434A5 /* XXocUtils.m in Sources */ = {isa = PBXBuildFile; fileRef = D39503AF2447E5A3001434A5 /* XXocUtils.m */; };
		D39503B52447EABC001434A5 /* TableViewNibCell.m in Sources */ = {isa = PBXBuildFile; fileRef = D39503B32447EABC001434A5 /* TableViewNibCell.m */; };
		D39503B62447EABC001434A5 /* TableViewNibCell.xib in Resources */ = {isa = PBXBuildFile; fileRef = D39503B42447EABC001434A5 /* TableViewNibCell.xib */; };
		D3BEB01D2465456E0024C397 /* AudioRecordAndPlayViewController.m in Sources */ = {isa = PBXBuildFile; fileRef = D3BEB01C2465456E0024C397 /* AudioRecordAndPlayViewController.m */; };
		D3BEB020246551810024C397 /* XXaudioFileRecorder.m in Sources */ = {isa = PBXBuildFile; fileRef = D3BEB01F246551810024C397 /* XXaudioFileRecorder.m */; };
		D3E7DFF8245049A400124252 /* XXtextFieldShell.m in Sources */ = {isa = PBXBuildFile; fileRef = D3E7DFF7245049A400124252 /* XXtextFieldShell.m */; };
/* End PBXBuildFile section */

/* Begin PBXContainerItemProxy section */
		D37F6A14243C017F00DC2F28 /* PBXContainerItemProxy */ = {
			isa = PBXContainerItemProxy;
			containerPortal = D37F69F0243C017E00DC2F28 /* Project object */;
			proxyType = 1;
			remoteGlobalIDString = D37F69F7243C017E00DC2F28;
			remoteInfo = XXkitProject;
		};
		D37F6A1F243C017F00DC2F28 /* PBXContainerItemProxy */ = {
			isa = PBXContainerItemProxy;
			containerPortal = D37F69F0243C017E00DC2F28 /* Project object */;
			proxyType = 1;
			remoteGlobalIDString = D37F69F7243C017E00DC2F28;
			remoteInfo = XXkitProject;
		};
/* End PBXContainerItemProxy section */

/* Begin PBXFileReference section */
		D3286E7B246B9F9500B0A958 /* XXcoreModel.xcdatamodel */ = {isa = PBXFileReference; lastKnownFileType = wrapper.xcdatamodel; path = XXcoreModel.xcdatamodel; sourceTree = "<group>"; };
		D3286E83246BA0C900B0A958 /* AudioFile+CoreDataProperties.h */ = {isa = PBXFileReference; lastKnownFileType = sourcecode.c.h; path = "AudioFile+CoreDataProperties.h"; sourceTree = "<group>"; };
		D3286E84246BA0C900B0A958 /* AudioFile+CoreDataClass.h */ = {isa = PBXFileReference; lastKnownFileType = sourcecode.c.h; path = "AudioFile+CoreDataClass.h"; sourceTree = "<group>"; };
		D3286E85246BA0C900B0A958 /* AudioFile+CoreDataClass.m */ = {isa = PBXFileReference; lastKnownFileType = sourcecode.c.objc; path = "AudioFile+CoreDataClass.m"; sourceTree = "<group>"; };
		D3286E86246BA0C900B0A958 /* AudioFile+CoreDataProperties.m */ = {isa = PBXFileReference; lastKnownFileType = sourcecode.c.objc; path = "AudioFile+CoreDataProperties.m"; sourceTree = "<group>"; };
		D3286E8A246BA6AD00B0A958 /* CoreDataViewController.h */ = {isa = PBXFileReference; lastKnownFileType = sourcecode.c.h; path = CoreDataViewController.h; sourceTree = "<group>"; };
		D3286E8B246BA6AD00B0A958 /* CoreDataViewController.m */ = {isa = PBXFileReference; lastKnownFileType = sourcecode.c.objc; path = CoreDataViewController.m; sourceTree = "<group>"; };
		D3286E90246BD1A700B0A958 /* CoreData.framework */ = {isa = PBXFileReference; lastKnownFileType = wrapper.framework; name = CoreData.framework; path = System/Library/Frameworks/CoreData.framework; sourceTree = SDKROOT; };
		D3286E92246BD1BA00B0A958 /* XXcoreData.h */ = {isa = PBXFileReference; fileEncoding = 4; lastKnownFileType = sourcecode.c.h; path = XXcoreData.h; sourceTree = "<group>"; };
		D3286E93246BD1BA00B0A958 /* XXcoreData.m */ = {isa = PBXFileReference; fileEncoding = 4; lastKnownFileType = sourcecode.c.objc; path = XXcoreData.m; sourceTree = "<group>"; };
		D32E8B8524519AB400AB33ED /* XXloginShell.h */ = {isa = PBXFileReference; lastKnownFileType = sourcecode.c.h; path = XXloginShell.h; sourceTree = "<group>"; };
		D32E8B8624519AB400AB33ED /* XXloginShell.m */ = {isa = PBXFileReference; lastKnownFileType = sourcecode.c.objc; path = XXloginShell.m; sourceTree = "<group>"; };
		D3325A3724723E03000E6D95 /* TouchIDViewController.h */ = {isa = PBXFileReference; lastKnownFileType = sourcecode.c.h; path = TouchIDViewController.h; sourceTree = "<group>"; };
		D3325A3824723E03000E6D95 /* TouchIDViewController.m */ = {isa = PBXFileReference; lastKnownFileType = sourcecode.c.objc; path = TouchIDViewController.m; sourceTree = "<group>"; };
		D33F5378245014B500B8D5E1 /* XXtextFieldShellVC.h */ = {isa = PBXFileReference; lastKnownFileType = sourcecode.c.h; path = XXtextFieldShellVC.h; sourceTree = "<group>"; };
		D33F5379245014B500B8D5E1 /* XXtextFieldShellVC.m */ = {isa = PBXFileReference; lastKnownFileType = sourcecode.c.objc; path = XXtextFieldShellVC.m; sourceTree = "<group>"; };
		D33FF8492466DEC800AF3652 /* AudioFileCell.h */ = {isa = PBXFileReference; lastKnownFileType = sourcecode.c.h; path = AudioFileCell.h; sourceTree = "<group>"; };
		D33FF84A2466DEC800AF3652 /* AudioFileCell.m */ = {isa = PBXFileReference; lastKnownFileType = sourcecode.c.objc; path = AudioFileCell.m; sourceTree = "<group>"; };
		D33FF84B2466DEC800AF3652 /* AudioFileCell.xib */ = {isa = PBXFileReference; lastKnownFileType = file.xib; path = AudioFileCell.xib; sourceTree = "<group>"; };
		D348AB24244D99F000C7588F /* TableViewCodeCell.h */ = {isa = PBXFileReference; lastKnownFileType = sourcecode.c.h; path = TableViewCodeCell.h; sourceTree = "<group>"; };
		D348AB25244D99F000C7588F /* TableViewCodeCell.m */ = {isa = PBXFileReference; lastKnownFileType = sourcecode.c.objc; path = TableViewCodeCell.m; sourceTree = "<group>"; };
		D34C486924610A440031884A /* XXsceneDelegate.h */ = {isa = PBXFileReference; lastKnownFileType = sourcecode.c.h; path = XXsceneDelegate.h; sourceTree = "<group>"; };
		D34C486A24610A440031884A /* XXsceneDelegate.m */ = {isa = PBXFileReference; lastKnownFileType = sourcecode.c.objc; path = XXsceneDelegate.m; sourceTree = "<group>"; };
		D34C486E246113200031884A /* UIViewController+SceneState.h */ = {isa = PBXFileReference; lastKnownFileType = sourcecode.c.h; path = "UIViewController+SceneState.h"; sourceTree = "<group>"; };
		D34C486F246113200031884A /* UIViewController+SceneState.m */ = {isa = PBXFileReference; lastKnownFileType = sourcecode.c.objc; path = "UIViewController+SceneState.m"; sourceTree = "<group>"; };
		D34C4871246119A30031884A /* SceneDelegate.h */ = {isa = PBXFileReference; lastKnownFileType = sourcecode.c.h; path = SceneDelegate.h; sourceTree = "<group>"; };
		D34C4872246119A30031884A /* SceneDelegate.m */ = {isa = PBXFileReference; lastKnownFileType = sourcecode.c.objc; path = SceneDelegate.m; sourceTree = "<group>"; };
		D34C487624613FB50031884A /* Readme.md */ = {isa = PBXFileReference; fileEncoding = 4; lastKnownFileType = net.daringfireball.markdown; path = Readme.md; sourceTree = "<group>"; };
		D3508820243FFCDD00B8BC8F /* XXtableViewShellVC.h */ = {isa = PBXFileReference; lastKnownFileType = sourcecode.c.h; path = XXtableViewShellVC.h; sourceTree = "<group>"; };
		D3508821243FFCDD00B8BC8F /* XXtableViewShellVC.m */ = {isa = PBXFileReference; lastKnownFileType = sourcecode.c.objc; path = XXtableViewShellVC.m; sourceTree = "<group>"; };
		D35663D92456F7CF00EAB7FB /* Security.framework */ = {isa = PBXFileReference; lastKnownFileType = wrapper.framework; name = Security.framework; path = System/Library/Frameworks/Security.framework; sourceTree = SDKROOT; };
		D35E3201244FB44900300362 /* XXstackViewShellVC.h */ = {isa = PBXFileReference; lastKnownFileType = sourcecode.c.h; path = XXstackViewShellVC.h; sourceTree = "<group>"; };
		D35E3202244FB44900300362 /* XXstackViewShellVC.m */ = {isa = PBXFileReference; lastKnownFileType = sourcecode.c.objc; path = XXstackViewShellVC.m; sourceTree = "<group>"; };
		D365942D243E8F58009F5228 /* XXtableViewShell.m */ = {isa = PBXFileReference; fileEncoding = 4; lastKnownFileType = sourcecode.c.objc; path = XXtableViewShell.m; sourceTree = "<group>"; };
		D365942E243E8F58009F5228 /* XXtableViewShell.h */ = {isa = PBXFileReference; fileEncoding = 4; lastKnownFileType = sourcecode.c.h; path = XXtableViewShell.h; sourceTree = "<group>"; };
		D3659432243E8F58009F5228 /* UIView+Zoomable.h */ = {isa = PBXFileReference; fileEncoding = 4; lastKnownFileType = sourcecode.c.h; path = "UIView+Zoomable.h"; sourceTree = "<group>"; };
		D3659433243E8F58009F5228 /* UIViewController+Orientation.h */ = {isa = PBXFileReference; fileEncoding = 4; lastKnownFileType = sourcecode.c.h; path = "UIViewController+Orientation.h"; sourceTree = "<group>"; };
		D3659437243E8F58009F5228 /* UIView+Zoomable.m */ = {isa = PBXFileReference; fileEncoding = 4; lastKnownFileType = sourcecode.c.objc; path = "UIView+Zoomable.m"; sourceTree = "<group>"; };
		D3659439243E8F58009F5228 /* UIViewController+Orientation.m */ = {isa = PBXFileReference; fileEncoding = 4; lastKnownFileType = sourcecode.c.objc; path = "UIViewController+Orientation.m"; sourceTree = "<group>"; };
		D365943B243E8F58009F5228 /* XXaudioRecorder.h */ = {isa = PBXFileReference; fileEncoding = 4; lastKnownFileType = sourcecode.c.h; path = XXaudioRecorder.h; sourceTree = "<group>"; };
		D365943C243E8F58009F5228 /* XXvideoRecorder.m */ = {isa = PBXFileReference; fileEncoding = 4; lastKnownFileType = sourcecode.c.objc; path = XXvideoRecorder.m; sourceTree = "<group>"; };
		D365943D243E8F58009F5228 /* XXaudioFormat.m */ = {isa = PBXFileReference; fileEncoding = 4; lastKnownFileType = sourcecode.c.objc; path = XXaudioFormat.m; sourceTree = "<group>"; };
		D365943E243E8F58009F5228 /* XXtimestampSyncer.h */ = {isa = PBXFileReference; fileEncoding = 4; lastKnownFileType = sourcecode.c.h; path = XXtimestampSyncer.h; sourceTree = "<group>"; };
		D365943F243E8F58009F5228 /* XXcodecBase.m */ = {isa = PBXFileReference; fileEncoding = 4; lastKnownFileType = sourcecode.c.objc; path = XXcodecBase.m; sourceTree = "<group>"; };
		D3659440243E8F58009F5228 /* XXh26xEncoder.mm */ = {isa = PBXFileReference; fileEncoding = 4; lastKnownFileType = sourcecode.cpp.objcpp; path = XXh26xEncoder.mm; sourceTree = "<group>"; };
		D3659441243E8F58009F5228 /* XXaudioPlayer.h */ = {isa = PBXFileReference; fileEncoding = 4; lastKnownFileType = sourcecode.c.h; path = XXaudioPlayer.h; sourceTree = "<group>"; };
		D3659442243E8F58009F5228 /* XXh26xDecoder.h */ = {isa = PBXFileReference; fileEncoding = 4; lastKnownFileType = sourcecode.c.h; path = XXh26xDecoder.h; sourceTree = "<group>"; };
		D3659443243E8F58009F5228 /* XXh26xEncoder.h */ = {isa = PBXFileReference; fileEncoding = 4; lastKnownFileType = sourcecode.c.h; path = XXh26xEncoder.h; sourceTree = "<group>"; };
		D3659444243E8F58009F5228 /* XXaudioRecorder.m */ = {isa = PBXFileReference; fileEncoding = 4; lastKnownFileType = sourcecode.c.objc; path = XXaudioRecorder.m; sourceTree = "<group>"; };
		D3659445243E8F58009F5228 /* XXvideoRecorder.h */ = {isa = PBXFileReference; fileEncoding = 4; lastKnownFileType = sourcecode.c.h; path = XXvideoRecorder.h; sourceTree = "<group>"; };
		D3659446243E8F58009F5228 /* XXcodecBase.h */ = {isa = PBXFileReference; fileEncoding = 4; lastKnownFileType = sourcecode.c.h; path = XXcodecBase.h; sourceTree = "<group>"; };
		D3659447243E8F58009F5228 /* XXtimestampSyncer.m */ = {isa = PBXFileReference; fileEncoding = 4; lastKnownFileType = sourcecode.c.objc; path = XXtimestampSyncer.m; sourceTree = "<group>"; };
		D3659448243E8F58009F5228 /* XXvideoRecorder的副本.m */ = {isa = PBXFileReference; fileEncoding = 4; lastKnownFileType = sourcecode.c.objc; path = "XXvideoRecorder的副本.m"; sourceTree = "<group>"; };
		D3659449243E8F58009F5228 /* XXaudioFormat.h */ = {isa = PBXFileReference; fileEncoding = 4; lastKnownFileType = sourcecode.c.h; path = XXaudioFormat.h; sourceTree = "<group>"; };
		D365944A243E8F58009F5228 /* XXh26xDecoder.m */ = {isa = PBXFileReference; fileEncoding = 4; lastKnownFileType = sourcecode.c.objc; path = XXh26xDecoder.m; sourceTree = "<group>"; };
		D365944B243E8F58009F5228 /* XXaudioPlayer.m */ = {isa = PBXFileReference; fileEncoding = 4; lastKnownFileType = sourcecode.c.objc; path = XXaudioPlayer.m; sourceTree = "<group>"; };
		D365944D243E8F58009F5228 /* XXstackViewShell.m */ = {isa = PBXFileReference; fileEncoding = 4; lastKnownFileType = sourcecode.c.objc; path = XXstackViewShell.m; sourceTree = "<group>"; };
		D365944E243E8F58009F5228 /* XXstackViewShell.h */ = {isa = PBXFileReference; fileEncoding = 4; lastKnownFileType = sourcecode.c.h; path = XXstackViewShell.h; sourceTree = "<group>"; };
		D3659454243E8F58009F5228 /* XXcomboBox.m */ = {isa = PBXFileReference; fileEncoding = 4; lastKnownFileType = sourcecode.c.objc; path = XXcomboBox.m; sourceTree = "<group>"; };
		D365945E243E8F58009F5228 /* XXcomboBox.h */ = {isa = PBXFileReference; fileEncoding = 4; lastKnownFileType = sourcecode.c.h; path = XXcomboBox.h; sourceTree = "<group>"; };
		D3659461243E8F58009F5228 /* WebViewPayShell.m */ = {isa = PBXFileReference; fileEncoding = 4; lastKnownFileType = sourcecode.c.objc; path = WebViewPayShell.m; sourceTree = "<group>"; };
		D3659462243E8F58009F5228 /* WebViewPayShell.h */ = {isa = PBXFileReference; fileEncoding = 4; lastKnownFileType = sourcecode.c.h; path = WebViewPayShell.h; sourceTree = "<group>"; };
		D3659470243E8F58009F5228 /* UIViewController+ApplicationState.h */ = {isa = PBXFileReference; fileEncoding = 4; lastKnownFileType = sourcecode.c.h; path = "UIViewController+ApplicationState.h"; sourceTree = "<group>"; };
		D3659471243E8F58009F5228 /* UIViewController+ApplicationState.m */ = {isa = PBXFileReference; fileEncoding = 4; lastKnownFileType = sourcecode.c.objc; path = "UIViewController+ApplicationState.m"; sourceTree = "<group>"; };
		D36594C3243E8F59009F5228 /* XXshadowCreator.m */ = {isa = PBXFileReference; fileEncoding = 4; lastKnownFileType = sourcecode.c.objc; path = XXshadowCreator.m; sourceTree = "<group>"; };
		D36594C4243E8F59009F5228 /* XXmtkRgbDelegate.m */ = {isa = PBXFileReference; fileEncoding = 4; lastKnownFileType = sourcecode.c.objc; path = XXmtkRgbDelegate.m; sourceTree = "<group>"; };
		D36594C5243E8F59009F5228 /* XXmaskView.h */ = {isa = PBXFileReference; fileEncoding = 4; lastKnownFileType = sourcecode.c.h; path = XXmaskView.h; sourceTree = "<group>"; };
		D36594C6243E8F59009F5228 /* XXmtkYuvDelegate.m */ = {isa = PBXFileReference; fileEncoding = 4; lastKnownFileType = sourcecode.c.objc; path = XXmtkYuvDelegate.m; sourceTree = "<group>"; };
		D36594C7243E8F59009F5228 /* Metal.metal */ = {isa = PBXFileReference; fileEncoding = 4; lastKnownFileType = sourcecode.metal; path = Metal.metal; sourceTree = "<group>"; };
		D36594CA243E8F59009F5228 /* XXkeyboardAdapter.h */ = {isa = PBXFileReference; fileEncoding = 4; lastKnownFileType = sourcecode.c.h; path = XXkeyboardAdapter.h; sourceTree = "<group>"; };
		D36594CB243E8F59009F5228 /* XXmtkRgbDelegate.h */ = {isa = PBXFileReference; fileEncoding = 4; lastKnownFileType = sourcecode.c.h; path = XXmtkRgbDelegate.h; sourceTree = "<group>"; };
		D36594CC243E8F59009F5228 /* XXshadowCreator.h */ = {isa = PBXFileReference; fileEncoding = 4; lastKnownFileType = sourcecode.c.h; path = XXshadowCreator.h; sourceTree = "<group>"; };
		D36594CD243E8F59009F5228 /* XXmtkYuvDelegate.h */ = {isa = PBXFileReference; fileEncoding = 4; lastKnownFileType = sourcecode.c.h; path = XXmtkYuvDelegate.h; sourceTree = "<group>"; };
		D36594CE243E8F59009F5228 /* XXmaskView.m */ = {isa = PBXFileReference; fileEncoding = 4; lastKnownFileType = sourcecode.c.objc; path = XXmaskView.m; sourceTree = "<group>"; };
		D36594D1243E8F59009F5228 /* XXkeyboardAdapter.m */ = {isa = PBXFileReference; fileEncoding = 4; lastKnownFileType = sourcecode.c.objc; path = XXkeyboardAdapter.m; sourceTree = "<group>"; };
		D36594D3243E8F59009F5228 /* XXappDelegate.h */ = {isa = PBXFileReference; fileEncoding = 4; lastKnownFileType = sourcecode.c.h; path = XXappDelegate.h; sourceTree = "<group>"; };
		D36594D4243E8F59009F5228 /* XXappDelegate.m */ = {isa = PBXFileReference; fileEncoding = 4; lastKnownFileType = sourcecode.c.objc; path = XXappDelegate.m; sourceTree = "<group>"; };
		D36594D6243E8F59009F5228 /* XXbundleManager.h */ = {isa = PBXFileReference; fileEncoding = 4; lastKnownFileType = sourcecode.c.h; path = XXbundleManager.h; sourceTree = "<group>"; };
		D36594D7243E8F59009F5228 /* XXbundleManager+Language.h */ = {isa = PBXFileReference; fileEncoding = 4; lastKnownFileType = sourcecode.c.h; path = "XXbundleManager+Language.h"; sourceTree = "<group>"; };
		D36594D8243E8F59009F5228 /* NSBundle+XXlanguage.m */ = {isa = PBXFileReference; fileEncoding = 4; lastKnownFileType = sourcecode.c.objc; path = "NSBundle+XXlanguage.m"; sourceTree = "<group>"; };
		D36594DB243E8F59009F5228 /* XXbundleManager.m */ = {isa = PBXFileReference; fileEncoding = 4; lastKnownFileType = sourcecode.c.objc; path = XXbundleManager.m; sourceTree = "<group>"; };
		D36594DD243E8F59009F5228 /* NSBundle+XXlanguage.h */ = {isa = PBXFileReference; fileEncoding = 4; lastKnownFileType = sourcecode.c.h; path = "NSBundle+XXlanguage.h"; sourceTree = "<group>"; };
		D36594DE243E8F59009F5228 /* XXbundleManager+Language.m */ = {isa = PBXFileReference; fileEncoding = 4; lastKnownFileType = sourcecode.c.objc; path = "XXbundleManager+Language.m"; sourceTree = "<group>"; };
		D36594E0243E8F59009F5228 /* Readme.MD */ = {isa = PBXFileReference; fileEncoding = 4; lastKnownFileType = net.daringfireball.markdown; path = Readme.MD; sourceTree = "<group>"; };
		D36594E1243E8F59009F5228 /* .gitignore */ = {isa = PBXFileReference; fileEncoding = 4; lastKnownFileType = text; path = .gitignore; sourceTree = "<group>"; };
		D36594E2243E8F59009F5228 /* .gitattributes */ = {isa = PBXFileReference; fileEncoding = 4; lastKnownFileType = text; path = .gitattributes; sourceTree = "<group>"; };
		D36594E3243E8F59009F5228 /* XXdefine.h */ = {isa = PBXFileReference; fileEncoding = 4; lastKnownFileType = sourcecode.c.h; path = XXdefine.h; sourceTree = "<group>"; };
		D36B7A372445DD2F001BBE89 /* MainViewController.h */ = {isa = PBXFileReference; lastKnownFileType = sourcecode.c.h; path = MainViewController.h; sourceTree = "<group>"; };
		D36B7A382445DD2F001BBE89 /* MainViewController.m */ = {isa = PBXFileReference; lastKnownFileType = sourcecode.c.objc; path = MainViewController.m; sourceTree = "<group>"; };
		D37F4A4424733ED20065155C /* XXkitProject.entitlements */ = {isa = PBXFileReference; lastKnownFileType = text.plist.entitlements; path = XXkitProject.entitlements; sourceTree = "<group>"; };
		D37F4A45247346460065155C /* XXkeyChain.h */ = {isa = PBXFileReference; lastKnownFileType = sourcecode.c.h; path = XXkeyChain.h; sourceTree = "<group>"; };
		D37F4A46247346460065155C /* XXkeyChain.m */ = {isa = PBXFileReference; lastKnownFileType = sourcecode.c.objc; path = XXkeyChain.m; sourceTree = "<group>"; };
		D37F69F8243C017E00DC2F28 /* XXkitProject.app */ = {isa = PBXFileReference; explicitFileType = wrapper.application; includeInIndex = 0; path = XXkitProject.app; sourceTree = BUILT_PRODUCTS_DIR; };
		D37F69FB243C017E00DC2F28 /* AppDelegate.h */ = {isa = PBXFileReference; lastKnownFileType = sourcecode.c.h; path = AppDelegate.h; sourceTree = "<group>"; };
		D37F69FC243C017E00DC2F28 /* AppDelegate.m */ = {isa = PBXFileReference; lastKnownFileType = sourcecode.c.objc; path = AppDelegate.m; sourceTree = "<group>"; };
		D37F6A05243C017E00DC2F28 /* Base */ = {isa = PBXFileReference; lastKnownFileType = file.storyboard; name = Base; path = Base.lproj/Main.storyboard; sourceTree = "<group>"; };
		D37F6A07243C017F00DC2F28 /* Assets.xcassets */ = {isa = PBXFileReference; lastKnownFileType = folder.assetcatalog; path = Assets.xcassets; sourceTree = "<group>"; };
		D37F6A0A243C017F00DC2F28 /* Base */ = {isa = PBXFileReference; lastKnownFileType = file.storyboard; name = Base; path = Base.lproj/LaunchScreen.storyboard; sourceTree = "<group>"; };
		D37F6A0C243C017F00DC2F28 /* Info.plist */ = {isa = PBXFileReference; lastKnownFileType = text.plist.xml; path = Info.plist; sourceTree = "<group>"; };
		D37F6A0D243C017F00DC2F28 /* main.m */ = {isa = PBXFileReference; lastKnownFileType = sourcecode.c.objc; path = main.m; sourceTree = "<group>"; };
		D37F6A13243C017F00DC2F28 /* XXkitProjectTests.xctest */ = {isa = PBXFileReference; explicitFileType = wrapper.cfbundle; includeInIndex = 0; path = XXkitProjectTests.xctest; sourceTree = BUILT_PRODUCTS_DIR; };
		D37F6A17243C017F00DC2F28 /* XXkitProjectTests.m */ = {isa = PBXFileReference; lastKnownFileType = sourcecode.c.objc; path = XXkitProjectTests.m; sourceTree = "<group>"; };
		D37F6A19243C017F00DC2F28 /* Info.plist */ = {isa = PBXFileReference; lastKnownFileType = text.plist.xml; path = Info.plist; sourceTree = "<group>"; };
		D37F6A1E243C017F00DC2F28 /* XXkitProjectUITests.xctest */ = {isa = PBXFileReference; explicitFileType = wrapper.cfbundle; includeInIndex = 0; path = XXkitProjectUITests.xctest; sourceTree = BUILT_PRODUCTS_DIR; };
		D37F6A22243C017F00DC2F28 /* XXkitProjectUITests.m */ = {isa = PBXFileReference; lastKnownFileType = sourcecode.c.objc; path = XXkitProjectUITests.m; sourceTree = "<group>"; };
		D37F6A24243C017F00DC2F28 /* Info.plist */ = {isa = PBXFileReference; lastKnownFileType = text.plist.xml; path = Info.plist; sourceTree = "<group>"; };
		D38624412462B10B00617E77 /* OrientationViewController.h */ = {isa = PBXFileReference; fileEncoding = 4; lastKnownFileType = sourcecode.c.h; path = OrientationViewController.h; sourceTree = "<group>"; };
		D38624422462B10B00617E77 /* OrientationViewController.m */ = {isa = PBXFileReference; fileEncoding = 4; lastKnownFileType = sourcecode.c.objc; path = OrientationViewController.m; sourceTree = "<group>"; };
		D38C26962463FD0C00B88757 /* ZoomableViewController.h */ = {isa = PBXFileReference; lastKnownFileType = sourcecode.c.h; path = ZoomableViewController.h; sourceTree = "<group>"; };
		D38C26972463FD0D00B88757 /* ZoomableViewController.m */ = {isa = PBXFileReference; lastKnownFileType = sourcecode.c.objc; path = ZoomableViewController.m; sourceTree = "<group>"; };
		D390970F2459267000A850F6 /* XXlimitButtonShell.h */ = {isa = PBXFileReference; lastKnownFileType = sourcecode.c.h; path = XXlimitButtonShell.h; sourceTree = "<group>"; };
		D39097102459267000A850F6 /* XXlimitButtonShell.m */ = {isa = PBXFileReference; lastKnownFileType = sourcecode.c.objc; path = XXlimitButtonShell.m; sourceTree = "<group>"; };
		D39097122459286700A850F6 /* XXtimer.h */ = {isa = PBXFileReference; fileEncoding = 4; lastKnownFileType = sourcecode.c.h; path = XXtimer.h; sourceTree = "<group>"; };
		D39097132459286700A850F6 /* XXtimer.m */ = {isa = PBXFileReference; fileEncoding = 4; lastKnownFileType = sourcecode.c.objc; path = XXtimer.m; sourceTree = "<group>"; };
		D39097182459592700A850F6 /* XXverificationCodeShell.h */ = {isa = PBXFileReference; lastKnownFileType = sourcecode.c.h; path = XXverificationCodeShell.h; sourceTree = "<group>"; };
		D39097192459592700A850F6 /* XXverificationCodeShell.m */ = {isa = PBXFileReference; lastKnownFileType = sourcecode.c.objc; path = XXverificationCodeShell.m; sourceTree = "<group>"; };
		D39503AF2447E5A3001434A5 /* XXocUtils.m */ = {isa = PBXFileReference; fileEncoding = 4; lastKnownFileType = sourcecode.c.objc; path = XXocUtils.m; sourceTree = "<group>"; };
		D39503B02447E5A4001434A5 /* XXocUtils.h */ = {isa = PBXFileReference; fileEncoding = 4; lastKnownFileType = sourcecode.c.h; path = XXocUtils.h; sourceTree = "<group>"; };
		D39503B22447EABC001434A5 /* TableViewNibCell.h */ = {isa = PBXFileReference; lastKnownFileType = sourcecode.c.h; path = TableViewNibCell.h; sourceTree = "<group>"; };
		D39503B32447EABC001434A5 /* TableViewNibCell.m */ = {isa = PBXFileReference; lastKnownFileType = sourcecode.c.objc; path = TableViewNibCell.m; sourceTree = "<group>"; };
		D39503B42447EABC001434A5 /* TableViewNibCell.xib */ = {isa = PBXFileReference; lastKnownFileType = file.xib; path = TableViewNibCell.xib; sourceTree = "<group>"; };
		D3BEB01B2465456E0024C397 /* AudioRecordAndPlayViewController.h */ = {isa = PBXFileReference; lastKnownFileType = sourcecode.c.h; path = AudioRecordAndPlayViewController.h; sourceTree = "<group>"; };
		D3BEB01C2465456E0024C397 /* AudioRecordAndPlayViewController.m */ = {isa = PBXFileReference; lastKnownFileType = sourcecode.c.objc; path = AudioRecordAndPlayViewController.m; sourceTree = "<group>"; };
		D3BEB01E246551810024C397 /* XXaudioFileRecorder.h */ = {isa = PBXFileReference; lastKnownFileType = sourcecode.c.h; path = XXaudioFileRecorder.h; sourceTree = "<group>"; };
		D3BEB01F246551810024C397 /* XXaudioFileRecorder.m */ = {isa = PBXFileReference; lastKnownFileType = sourcecode.c.objc; path = XXaudioFileRecorder.m; sourceTree = "<group>"; };
		D3E1B43E246BF7AE00BD4802 /* Person+CoreDataProperties.h */ = {isa = PBXFileReference; lastKnownFileType = sourcecode.c.h; path = "Person+CoreDataProperties.h"; sourceTree = "<group>"; };
		D3E1B43F246BF7AE00BD4802 /* Person+CoreDataClass.h */ = {isa = PBXFileReference; lastKnownFileType = sourcecode.c.h; path = "Person+CoreDataClass.h"; sourceTree = "<group>"; };
		D3E1B440246BF7AE00BD4802 /* Person+CoreDataClass.m */ = {isa = PBXFileReference; lastKnownFileType = sourcecode.c.objc; path = "Person+CoreDataClass.m"; sourceTree = "<group>"; };
		D3E1B441246BF7AE00BD4802 /* Person+CoreDataProperties.m */ = {isa = PBXFileReference; lastKnownFileType = sourcecode.c.objc; path = "Person+CoreDataProperties.m"; sourceTree = "<group>"; };
		D3E7DFF6245049A400124252 /* XXtextFieldShell.h */ = {isa = PBXFileReference; lastKnownFileType = sourcecode.c.h; path = XXtextFieldShell.h; sourceTree = "<group>"; };
		D3E7DFF7245049A400124252 /* XXtextFieldShell.m */ = {isa = PBXFileReference; lastKnownFileType = sourcecode.c.objc; path = XXtextFieldShell.m; sourceTree = "<group>"; };
/* End PBXFileReference section */

/* Begin PBXFrameworksBuildPhase section */
		D37F69F5243C017E00DC2F28 /* Frameworks */ = {
			isa = PBXFrameworksBuildPhase;
			buildActionMask = 2147483647;
			files = (
				D3286E91246BD1A800B0A958 /* CoreData.framework in Frameworks */,
				D35663DA2456F7CF00EAB7FB /* Security.framework in Frameworks */,
			);
			runOnlyForDeploymentPostprocessing = 0;
		};
		D37F6A10243C017F00DC2F28 /* Frameworks */ = {
			isa = PBXFrameworksBuildPhase;
			buildActionMask = 2147483647;
			files = (
			);
			runOnlyForDeploymentPostprocessing = 0;
		};
		D37F6A1B243C017F00DC2F28 /* Frameworks */ = {
			isa = PBXFrameworksBuildPhase;
			buildActionMask = 2147483647;
			files = (
			);
			runOnlyForDeploymentPostprocessing = 0;
		};
/* End PBXFrameworksBuildPhase section */

/* Begin PBXGroup section */
		D3286E7D246BA06000B0A958 /* CoreData */ = {
			isa = PBXGroup;
			children = (
				D3E1B43E246BF7AE00BD4802 /* Person+CoreDataProperties.h */,
				D3E1B43F246BF7AE00BD4802 /* Person+CoreDataClass.h */,
				D3E1B440246BF7AE00BD4802 /* Person+CoreDataClass.m */,
				D3E1B441246BF7AE00BD4802 /* Person+CoreDataProperties.m */,
				D3286E84246BA0C900B0A958 /* AudioFile+CoreDataClass.h */,
				D3286E85246BA0C900B0A958 /* AudioFile+CoreDataClass.m */,
				D3286E83246BA0C900B0A958 /* AudioFile+CoreDataProperties.h */,
				D3286E86246BA0C900B0A958 /* AudioFile+CoreDataProperties.m */,
				D3286E7A246B9F9500B0A958 /* XXcoreModel.xcdatamodeld */,
			);
			path = CoreData;
			sourceTree = "<group>";
		};
		D3286E89246BA67400B0A958 /* Core */ = {
			isa = PBXGroup;
			children = (
				D3286E8A246BA6AD00B0A958 /* CoreDataViewController.h */,
				D3286E8B246BA6AD00B0A958 /* CoreDataViewController.m */,
				D3325A3724723E03000E6D95 /* TouchIDViewController.h */,
				D3325A3824723E03000E6D95 /* TouchIDViewController.m */,
			);
			path = Core;
			sourceTree = "<group>";
		};
		D33F5370244FF82000B8D5E1 /* UITextField */ = {
			isa = PBXGroup;
			children = (
				D3E7DFF6245049A400124252 /* XXtextFieldShell.h */,
				D3E7DFF7245049A400124252 /* XXtextFieldShell.m */,
			);
			path = UITextField;
			sourceTree = "<group>";
		};
		D33F5377245011FC00B8D5E1 /* UITextField */ = {
			isa = PBXGroup;
			children = (
				D33F5378245014B500B8D5E1 /* XXtextFieldShellVC.h */,
				D33F5379245014B500B8D5E1 /* XXtextFieldShellVC.m */,
			);
			path = UITextField;
			sourceTree = "<group>";
		};
		D350881A243FF99F00B8BC8F /* VC */ = {
			isa = PBXGroup;
			children = (
				D3286E89246BA67400B0A958 /* Core */,
				D3BEB014246542770024C397 /* AV */,
				D38624402462B02D00617E77 /* Category */,
				D33F5377245011FC00B8D5E1 /* UITextField */,
				D35E3200244FB41A00300362 /* UIStackView */,
				D350881B243FF9AC00B8BC8F /* UITableVIew */,
			);
			path = VC;
			sourceTree = "<group>";
		};
		D350881B243FF9AC00B8BC8F /* UITableVIew */ = {
			isa = PBXGroup;
			children = (
				D3508820243FFCDD00B8BC8F /* XXtableViewShellVC.h */,
				D3508821243FFCDD00B8BC8F /* XXtableViewShellVC.m */,
				D39503B22447EABC001434A5 /* TableViewNibCell.h */,
				D39503B32447EABC001434A5 /* TableViewNibCell.m */,
				D39503B42447EABC001434A5 /* TableViewNibCell.xib */,
				D348AB24244D99F000C7588F /* TableViewCodeCell.h */,
				D348AB25244D99F000C7588F /* TableViewCodeCell.m */,
			);
			path = UITableVIew;
			sourceTree = "<group>";
		};
		D35663D82456F7CE00EAB7FB /* Frameworks */ = {
			isa = PBXGroup;
			children = (
				D3286E90246BD1A700B0A958 /* CoreData.framework */,
				D35663D92456F7CF00EAB7FB /* Security.framework */,
			);
			name = Frameworks;
			sourceTree = "<group>";
		};
		D35E3200244FB41A00300362 /* UIStackView */ = {
			isa = PBXGroup;
			children = (
				D35E3201244FB44900300362 /* XXstackViewShellVC.h */,
				D35E3202244FB44900300362 /* XXstackViewShellVC.m */,
			);
			path = UIStackView;
			sourceTree = "<group>";
		};
		D3659403243E8F58009F5228 /* XXkit */ = {
			isa = PBXGroup;
			children = (
				D365942B243E8F58009F5228 /* Object-C */,
				D36594E0243E8F59009F5228 /* Readme.MD */,
				D36594E1243E8F59009F5228 /* .gitignore */,
				D36594E2243E8F59009F5228 /* .gitattributes */,
				D36594E3243E8F59009F5228 /* XXdefine.h */,
			);
			name = XXkit;
			path = ../../XXkit;
			sourceTree = "<group>";
		};
		D365942B243E8F58009F5228 /* Object-C */ = {
			isa = PBXGroup;
			children = (
				D39503B02447E5A4001434A5 /* XXocUtils.h */,
				D39503AF2447E5A3001434A5 /* XXocUtils.m */,
				D33F5370244FF82000B8D5E1 /* UITextField */,
				D365942C243E8F58009F5228 /* UITableView */,
				D365942F243E8F58009F5228 /* Category */,
				D365943A243E8F58009F5228 /* AV */,
				D365944C243E8F58009F5228 /* UIStackView */,
				D365944F243E8F58009F5228 /* Shell */,
				D3659460243E8F58009F5228 /* Web */,
				D365946F243E8F58009F5228 /* UIViewController */,
				D36594C2243E8F59009F5228 /* View */,
				D36594D2243E8F59009F5228 /* AppDelegate */,
				D36594D5243E8F59009F5228 /* Utility */,
			);
			path = "Object-C";
			sourceTree = "<group>";
		};
		D365942C243E8F58009F5228 /* UITableView */ = {
			isa = PBXGroup;
			children = (
				D365942D243E8F58009F5228 /* XXtableViewShell.m */,
				D365942E243E8F58009F5228 /* XXtableViewShell.h */,
			);
			path = UITableView;
			sourceTree = "<group>";
		};
		D365942F243E8F58009F5228 /* Category */ = {
			isa = PBXGroup;
			children = (
				D3659432243E8F58009F5228 /* UIView+Zoomable.h */,
				D3659437243E8F58009F5228 /* UIView+Zoomable.m */,
				D3659433243E8F58009F5228 /* UIViewController+Orientation.h */,
				D3659439243E8F58009F5228 /* UIViewController+Orientation.m */,
			);
			path = Category;
			sourceTree = "<group>";
		};
		D365943A243E8F58009F5228 /* AV */ = {
			isa = PBXGroup;
			children = (
				D3BEB01E246551810024C397 /* XXaudioFileRecorder.h */,
				D3BEB01F246551810024C397 /* XXaudioFileRecorder.m */,
				D365943B243E8F58009F5228 /* XXaudioRecorder.h */,
				D3659444243E8F58009F5228 /* XXaudioRecorder.m */,
				D365943C243E8F58009F5228 /* XXvideoRecorder.m */,
				D3659449243E8F58009F5228 /* XXaudioFormat.h */,
				D365943D243E8F58009F5228 /* XXaudioFormat.m */,
				D3659441243E8F58009F5228 /* XXaudioPlayer.h */,
				D365944B243E8F58009F5228 /* XXaudioPlayer.m */,
				D365943E243E8F58009F5228 /* XXtimestampSyncer.h */,
				D365943F243E8F58009F5228 /* XXcodecBase.m */,
				D3659440243E8F58009F5228 /* XXh26xEncoder.mm */,
				D3659442243E8F58009F5228 /* XXh26xDecoder.h */,
				D3659443243E8F58009F5228 /* XXh26xEncoder.h */,
				D3659445243E8F58009F5228 /* XXvideoRecorder.h */,
				D3659446243E8F58009F5228 /* XXcodecBase.h */,
				D3659447243E8F58009F5228 /* XXtimestampSyncer.m */,
				D3659448243E8F58009F5228 /* XXvideoRecorder的副本.m */,
				D365944A243E8F58009F5228 /* XXh26xDecoder.m */,
			);
			path = AV;
			sourceTree = "<group>";
		};
		D365944C243E8F58009F5228 /* UIStackView */ = {
			isa = PBXGroup;
			children = (
				D365944D243E8F58009F5228 /* XXstackViewShell.m */,
				D365944E243E8F58009F5228 /* XXstackViewShell.h */,
			);
			path = UIStackView;
			sourceTree = "<group>";
		};
		D365944F243E8F58009F5228 /* Shell */ = {
			isa = PBXGroup;
			children = (
				D3659454243E8F58009F5228 /* XXcomboBox.m */,
				D365945E243E8F58009F5228 /* XXcomboBox.h */,
				D32E8B8524519AB400AB33ED /* XXloginShell.h */,
				D32E8B8624519AB400AB33ED /* XXloginShell.m */,
				D390970F2459267000A850F6 /* XXlimitButtonShell.h */,
				D39097102459267000A850F6 /* XXlimitButtonShell.m */,
				D39097182459592700A850F6 /* XXverificationCodeShell.h */,
				D39097192459592700A850F6 /* XXverificationCodeShell.m */,
			);
			path = Shell;
			sourceTree = "<group>";
		};
		D3659460243E8F58009F5228 /* Web */ = {
			isa = PBXGroup;
			children = (
				D3659461243E8F58009F5228 /* WebViewPayShell.m */,
				D3659462243E8F58009F5228 /* WebViewPayShell.h */,
			);
			path = Web;
			sourceTree = "<group>";
		};
		D365946F243E8F58009F5228 /* UIViewController */ = {
			isa = PBXGroup;
			children = (
				D3659470243E8F58009F5228 /* UIViewController+ApplicationState.h */,
				D3659471243E8F58009F5228 /* UIViewController+ApplicationState.m */,
				D34C486E246113200031884A /* UIViewController+SceneState.h */,
				D34C486F246113200031884A /* UIViewController+SceneState.m */,
			);
			path = UIViewController;
			sourceTree = "<group>";
		};
		D36594C2243E8F59009F5228 /* View */ = {
			isa = PBXGroup;
			children = (
				D36594C3243E8F59009F5228 /* XXshadowCreator.m */,
				D36594C4243E8F59009F5228 /* XXmtkRgbDelegate.m */,
				D36594C5243E8F59009F5228 /* XXmaskView.h */,
				D36594C6243E8F59009F5228 /* XXmtkYuvDelegate.m */,
				D36594C7243E8F59009F5228 /* Metal.metal */,
				D36594CA243E8F59009F5228 /* XXkeyboardAdapter.h */,
				D36594CB243E8F59009F5228 /* XXmtkRgbDelegate.h */,
				D36594CC243E8F59009F5228 /* XXshadowCreator.h */,
				D36594CD243E8F59009F5228 /* XXmtkYuvDelegate.h */,
				D36594CE243E8F59009F5228 /* XXmaskView.m */,
				D36594D1243E8F59009F5228 /* XXkeyboardAdapter.m */,
			);
			path = View;
			sourceTree = "<group>";
		};
		D36594D2243E8F59009F5228 /* AppDelegate */ = {
			isa = PBXGroup;
			children = (
				D34C487624613FB50031884A /* Readme.md */,
				D36594D3243E8F59009F5228 /* XXappDelegate.h */,
				D36594D4243E8F59009F5228 /* XXappDelegate.m */,
				D34C486924610A440031884A /* XXsceneDelegate.h */,
				D34C486A24610A440031884A /* XXsceneDelegate.m */,
			);
			path = AppDelegate;
			sourceTree = "<group>";
		};
		D36594D5243E8F59009F5228 /* Utility */ = {
			isa = PBXGroup;
			children = (
				D3286E92246BD1BA00B0A958 /* XXcoreData.h */,
				D3286E93246BD1BA00B0A958 /* XXcoreData.m */,
				D39097122459286700A850F6 /* XXtimer.h */,
				D39097132459286700A850F6 /* XXtimer.m */,
				D36594D6243E8F59009F5228 /* XXbundleManager.h */,
				D36594D7243E8F59009F5228 /* XXbundleManager+Language.h */,
				D36594D8243E8F59009F5228 /* NSBundle+XXlanguage.m */,
				D36594DB243E8F59009F5228 /* XXbundleManager.m */,
				D36594DD243E8F59009F5228 /* NSBundle+XXlanguage.h */,
				D36594DE243E8F59009F5228 /* XXbundleManager+Language.m */,
				D37F4A45247346460065155C /* XXkeyChain.h */,
				D37F4A46247346460065155C /* XXkeyChain.m */,
			);
			path = Utility;
			sourceTree = "<group>";
		};
		D37F69EF243C017E00DC2F28 = {
			isa = PBXGroup;
			children = (
				D37F69FA243C017E00DC2F28 /* XXkitProject */,
				D37F6A16243C017F00DC2F28 /* XXkitProjectTests */,
				D37F6A21243C017F00DC2F28 /* XXkitProjectUITests */,
				D37F69F9243C017E00DC2F28 /* Products */,
				D35663D82456F7CE00EAB7FB /* Frameworks */,
			);
			sourceTree = "<group>";
		};
		D37F69F9243C017E00DC2F28 /* Products */ = {
			isa = PBXGroup;
			children = (
				D37F69F8243C017E00DC2F28 /* XXkitProject.app */,
				D37F6A13243C017F00DC2F28 /* XXkitProjectTests.xctest */,
				D37F6A1E243C017F00DC2F28 /* XXkitProjectUITests.xctest */,
			);
			name = Products;
			sourceTree = "<group>";
		};
		D37F69FA243C017E00DC2F28 /* XXkitProject */ = {
			isa = PBXGroup;
			children = (
				D37F4A4424733ED20065155C /* XXkitProject.entitlements */,
				D3286E7D246BA06000B0A958 /* CoreData */,
				D350881A243FF99F00B8BC8F /* VC */,
				D3659403243E8F58009F5228 /* XXkit */,
				D37F69FB243C017E00DC2F28 /* AppDelegate.h */,
				D37F69FC243C017E00DC2F28 /* AppDelegate.m */,
				D34C4871246119A30031884A /* SceneDelegate.h */,
				D34C4872246119A30031884A /* SceneDelegate.m */,
				D37F6A04243C017E00DC2F28 /* Main.storyboard */,
				D37F6A07243C017F00DC2F28 /* Assets.xcassets */,
				D37F6A09243C017F00DC2F28 /* LaunchScreen.storyboard */,
				D37F6A0C243C017F00DC2F28 /* Info.plist */,
				D37F6A0D243C017F00DC2F28 /* main.m */,
				D36B7A372445DD2F001BBE89 /* MainViewController.h */,
				D36B7A382445DD2F001BBE89 /* MainViewController.m */,
			);
			path = XXkitProject;
			sourceTree = "<group>";
		};
		D37F6A16243C017F00DC2F28 /* XXkitProjectTests */ = {
			isa = PBXGroup;
			children = (
				D37F6A17243C017F00DC2F28 /* XXkitProjectTests.m */,
				D37F6A19243C017F00DC2F28 /* Info.plist */,
			);
			path = XXkitProjectTests;
			sourceTree = "<group>";
		};
		D37F6A21243C017F00DC2F28 /* XXkitProjectUITests */ = {
			isa = PBXGroup;
			children = (
				D37F6A22243C017F00DC2F28 /* XXkitProjectUITests.m */,
				D37F6A24243C017F00DC2F28 /* Info.plist */,
			);
			path = XXkitProjectUITests;
			sourceTree = "<group>";
		};
		D38624402462B02D00617E77 /* Category */ = {
			isa = PBXGroup;
			children = (
				D38624412462B10B00617E77 /* OrientationViewController.h */,
				D38624422462B10B00617E77 /* OrientationViewController.m */,
				D38C26962463FD0C00B88757 /* ZoomableViewController.h */,
				D38C26972463FD0D00B88757 /* ZoomableViewController.m */,
			);
			path = Category;
			sourceTree = "<group>";
		};
		D3BEB014246542770024C397 /* AV */ = {
			isa = PBXGroup;
			children = (
				D3BEB01B2465456E0024C397 /* AudioRecordAndPlayViewController.h */,
				D3BEB01C2465456E0024C397 /* AudioRecordAndPlayViewController.m */,
				D33FF8492466DEC800AF3652 /* AudioFileCell.h */,
				D33FF84A2466DEC800AF3652 /* AudioFileCell.m */,
				D33FF84B2466DEC800AF3652 /* AudioFileCell.xib */,
			);
			path = AV;
			sourceTree = "<group>";
		};
/* End PBXGroup section */

/* Begin PBXNativeTarget section */
		D37F69F7243C017E00DC2F28 /* XXkitProject */ = {
			isa = PBXNativeTarget;
			buildConfigurationList = D37F6A27243C017F00DC2F28 /* Build configuration list for PBXNativeTarget "XXkitProject" */;
			buildPhases = (
				D37F69F4243C017E00DC2F28 /* Sources */,
				D37F69F5243C017E00DC2F28 /* Frameworks */,
				D37F69F6243C017E00DC2F28 /* Resources */,
			);
			buildRules = (
			);
			dependencies = (
			);
			name = XXkitProject;
			productName = XXkitProject;
			productReference = D37F69F8243C017E00DC2F28 /* XXkitProject.app */;
			productType = "com.apple.product-type.application";
		};
		D37F6A12243C017F00DC2F28 /* XXkitProjectTests */ = {
			isa = PBXNativeTarget;
			buildConfigurationList = D37F6A2A243C017F00DC2F28 /* Build configuration list for PBXNativeTarget "XXkitProjectTests" */;
			buildPhases = (
				D37F6A0F243C017F00DC2F28 /* Sources */,
				D37F6A10243C017F00DC2F28 /* Frameworks */,
				D37F6A11243C017F00DC2F28 /* Resources */,
			);
			buildRules = (
			);
			dependencies = (
				D37F6A15243C017F00DC2F28 /* PBXTargetDependency */,
			);
			name = XXkitProjectTests;
			productName = XXkitProjectTests;
			productReference = D37F6A13243C017F00DC2F28 /* XXkitProjectTests.xctest */;
			productType = "com.apple.product-type.bundle.unit-test";
		};
		D37F6A1D243C017F00DC2F28 /* XXkitProjectUITests */ = {
			isa = PBXNativeTarget;
			buildConfigurationList = D37F6A2D243C017F00DC2F28 /* Build configuration list for PBXNativeTarget "XXkitProjectUITests" */;
			buildPhases = (
				D37F6A1A243C017F00DC2F28 /* Sources */,
				D37F6A1B243C017F00DC2F28 /* Frameworks */,
				D37F6A1C243C017F00DC2F28 /* Resources */,
			);
			buildRules = (
			);
			dependencies = (
				D37F6A20243C017F00DC2F28 /* PBXTargetDependency */,
			);
			name = XXkitProjectUITests;
			productName = XXkitProjectUITests;
			productReference = D37F6A1E243C017F00DC2F28 /* XXkitProjectUITests.xctest */;
			productType = "com.apple.product-type.bundle.ui-testing";
		};
/* End PBXNativeTarget section */

/* Begin PBXProject section */
		D37F69F0243C017E00DC2F28 /* Project object */ = {
			isa = PBXProject;
			attributes = {
				LastUpgradeCheck = 1130;
				ORGANIZATIONNAME = "郭文轩";
				TargetAttributes = {
					D37F69F7243C017E00DC2F28 = {
						CreatedOnToolsVersion = 11.3.1;
						LastSwiftMigration = 1130;
					};
					D37F6A12243C017F00DC2F28 = {
						CreatedOnToolsVersion = 11.3.1;
						TestTargetID = D37F69F7243C017E00DC2F28;
					};
					D37F6A1D243C017F00DC2F28 = {
						CreatedOnToolsVersion = 11.3.1;
						TestTargetID = D37F69F7243C017E00DC2F28;
					};
				};
			};
			buildConfigurationList = D37F69F3243C017E00DC2F28 /* Build configuration list for PBXProject "XXkitProject" */;
			compatibilityVersion = "Xcode 9.3";
			developmentRegion = en;
			hasScannedForEncodings = 0;
			knownRegions = (
				en,
				Base,
			);
			mainGroup = D37F69EF243C017E00DC2F28;
			productRefGroup = D37F69F9243C017E00DC2F28 /* Products */;
			projectDirPath = "";
			projectRoot = "";
			targets = (
				D37F69F7243C017E00DC2F28 /* XXkitProject */,
				D37F6A12243C017F00DC2F28 /* XXkitProjectTests */,
				D37F6A1D243C017F00DC2F28 /* XXkitProjectUITests */,
			);
		};
/* End PBXProject section */

/* Begin PBXResourcesBuildPhase section */
		D37F69F6243C017E00DC2F28 /* Resources */ = {
			isa = PBXResourcesBuildPhase;
			buildActionMask = 2147483647;
			files = (
				D37F6A0B243C017F00DC2F28 /* LaunchScreen.storyboard in Resources */,
				D37F6A08243C017F00DC2F28 /* Assets.xcassets in Resources */,
				D39503B62447EABC001434A5 /* TableViewNibCell.xib in Resources */,
				D3659569243E8F59009F5228 /* Readme.MD in Resources */,
				D365956A243E8F59009F5228 /* .gitignore in Resources */,
				D365956B243E8F59009F5228 /* .gitattributes in Resources */,
				D33FF84D2466DEC800AF3652 /* AudioFileCell.xib in Resources */,
				D34C487724613FB50031884A /* Readme.md in Resources */,
				D37F6A06243C017E00DC2F28 /* Main.storyboard in Resources */,
			);
			runOnlyForDeploymentPostprocessing = 0;
		};
		D37F6A11243C017F00DC2F28 /* Resources */ = {
			isa = PBXResourcesBuildPhase;
			buildActionMask = 2147483647;
			files = (
			);
			runOnlyForDeploymentPostprocessing = 0;
		};
		D37F6A1C243C017F00DC2F28 /* Resources */ = {
			isa = PBXResourcesBuildPhase;
			buildActionMask = 2147483647;
			files = (
			);
			runOnlyForDeploymentPostprocessing = 0;
		};
/* End PBXResourcesBuildPhase section */

/* Begin PBXSourcesBuildPhase section */
		D37F69F4243C017E00DC2F28 /* Sources */ = {
			isa = PBXSourcesBuildPhase;
			buildActionMask = 2147483647;
			files = (
				D3659568243E8F59009F5228 /* XXbundleManager+Language.m in Sources */,
				D32E8B8724519AB400AB33ED /* XXloginShell.m in Sources */,
				D38C26982463FD0D00B88757 /* ZoomableViewController.m in Sources */,
				D3E7DFF8245049A400124252 /* XXtextFieldShell.m in Sources */,
				D3659519243E8F59009F5228 /* UIView+Zoomable.m in Sources */,
				D34C486B24610A440031884A /* XXsceneDelegate.m in Sources */,
				D3659562243E8F59009F5228 /* XXkeyboardAdapter.m in Sources */,
				D33F537A245014B500B8D5E1 /* XXtextFieldShellVC.m in Sources */,
				D39503B52447EABC001434A5 /* TableViewNibCell.m in Sources */,
				D365951B243E8F59009F5228 /* UIViewController+Orientation.m in Sources */,
				D365955C243E8F59009F5228 /* XXmtkRgbDelegate.m in Sources */,
				D3659564243E8F59009F5228 /* NSBundle+XXlanguage.m in Sources */,
				D3BEB01D2465456E0024C397 /* AudioRecordAndPlayViewController.m in Sources */,
				D365955B243E8F59009F5228 /* XXshadowCreator.m in Sources */,
				D39503B12447E5A4001434A5 /* XXocUtils.m in Sources */,
				D3659567243E8F59009F5228 /* XXbundleManager.m in Sources */,
				D365955D243E8F59009F5228 /* XXmtkYuvDelegate.m in Sources */,
				D34C4873246119A30031884A /* SceneDelegate.m in Sources */,
				D390971A2459592700A850F6 /* XXverificationCodeShell.m in Sources */,
				D39097142459286800A850F6 /* XXtimer.m in Sources */,
				D36B7A392445DD2F001BBE89 /* MainViewController.m in Sources */,
				D3BEB020246551810024C397 /* XXaudioFileRecorder.m in Sources */,
				D3286E94246BD1BA00B0A958 /* XXcoreData.m in Sources */,
				D3508822243FFCDD00B8BC8F /* XXtableViewShellVC.m in Sources */,
				D39097112459267000A850F6 /* XXlimitButtonShell.m in Sources */,
				D37F69FD243C017E00DC2F28 /* AppDelegate.m in Sources */,
				D3659533243E8F59009F5228 /* UIViewController+ApplicationState.m in Sources */,
				D37F6A0E243C017F00DC2F28 /* main.m in Sources */,
				D3659560243E8F59009F5228 /* XXmaskView.m in Sources */,
				D365952D243E8F59009F5228 /* WebViewPayShell.m in Sources */,
				D365951E243E8F59009F5228 /* XXcodecBase.m in Sources */,
				D3659525243E8F59009F5228 /* XXstackViewShell.m in Sources */,
				D3659516243E8F59009F5228 /* XXtableViewShell.m in Sources */,
				D3325A3924723E03000E6D95 /* TouchIDViewController.m in Sources */,
				D3286E7C246B9F9500B0A958 /* XXcoreModel.xcdatamodeld in Sources */,
				D38624432462B10B00617E77 /* OrientationViewController.m in Sources */,
				D37F4A47247346460065155C /* XXkeyChain.m in Sources */,
				D34C4870246113200031884A /* UIViewController+SceneState.m in Sources */,
				D348AB26244D99F000C7588F /* TableViewCodeCell.m in Sources */,
				D365951D243E8F59009F5228 /* XXaudioFormat.m in Sources */,
				D33FF84C2466DEC800AF3652 /* AudioFileCell.m in Sources */,
				D3659563243E8F59009F5228 /* XXappDelegate.m in Sources */,
				D365955E243E8F59009F5228 /* Metal.metal in Sources */,
				D35E3203244FB44900300362 /* XXstackViewShellVC.m in Sources */,
				D3286E8C246BA6AD00B0A958 /* CoreDataViewController.m in Sources */,
			);
			runOnlyForDeploymentPostprocessing = 0;
		};
		D37F6A0F243C017F00DC2F28 /* Sources */ = {
			isa = PBXSourcesBuildPhase;
			buildActionMask = 2147483647;
			files = (
				D37F6A18243C017F00DC2F28 /* XXkitProjectTests.m in Sources */,
			);
			runOnlyForDeploymentPostprocessing = 0;
		};
		D37F6A1A243C017F00DC2F28 /* Sources */ = {
			isa = PBXSourcesBuildPhase;
			buildActionMask = 2147483647;
			files = (
				D37F6A23243C017F00DC2F28 /* XXkitProjectUITests.m in Sources */,
			);
			runOnlyForDeploymentPostprocessing = 0;
		};
/* End PBXSourcesBuildPhase section */

/* Begin PBXTargetDependency section */
		D37F6A15243C017F00DC2F28 /* PBXTargetDependency */ = {
			isa = PBXTargetDependency;
			target = D37F69F7243C017E00DC2F28 /* XXkitProject */;
			targetProxy = D37F6A14243C017F00DC2F28 /* PBXContainerItemProxy */;
		};
		D37F6A20243C017F00DC2F28 /* PBXTargetDependency */ = {
			isa = PBXTargetDependency;
			target = D37F69F7243C017E00DC2F28 /* XXkitProject */;
			targetProxy = D37F6A1F243C017F00DC2F28 /* PBXContainerItemProxy */;
		};
/* End PBXTargetDependency section */

/* Begin PBXVariantGroup section */
		D37F6A04243C017E00DC2F28 /* Main.storyboard */ = {
			isa = PBXVariantGroup;
			children = (
				D37F6A05243C017E00DC2F28 /* Base */,
			);
			name = Main.storyboard;
			sourceTree = "<group>";
		};
		D37F6A09243C017F00DC2F28 /* LaunchScreen.storyboard */ = {
			isa = PBXVariantGroup;
			children = (
				D37F6A0A243C017F00DC2F28 /* Base */,
			);
			name = LaunchScreen.storyboard;
			sourceTree = "<group>";
		};
/* End PBXVariantGroup section */

/* Begin XCBuildConfiguration section */
		D37F6A25243C017F00DC2F28 /* Debug */ = {
			isa = XCBuildConfiguration;
			buildSettings = {
				ALWAYS_SEARCH_USER_PATHS = NO;
				CLANG_ANALYZER_NONNULL = YES;
				CLANG_ANALYZER_NUMBER_OBJECT_CONVERSION = YES_AGGRESSIVE;
				CLANG_CXX_LANGUAGE_STANDARD = "gnu++14";
				CLANG_CXX_LIBRARY = "libc++";
				CLANG_ENABLE_MODULES = YES;
				CLANG_ENABLE_OBJC_ARC = YES;
				CLANG_ENABLE_OBJC_WEAK = YES;
				CLANG_WARN_BLOCK_CAPTURE_AUTORELEASING = YES;
				CLANG_WARN_BOOL_CONVERSION = YES;
				CLANG_WARN_COMMA = YES;
				CLANG_WARN_CONSTANT_CONVERSION = YES;
				CLANG_WARN_DEPRECATED_OBJC_IMPLEMENTATIONS = YES;
				CLANG_WARN_DIRECT_OBJC_ISA_USAGE = YES_ERROR;
				CLANG_WARN_DOCUMENTATION_COMMENTS = YES;
				CLANG_WARN_EMPTY_BODY = YES;
				CLANG_WARN_ENUM_CONVERSION = YES;
				CLANG_WARN_INFINITE_RECURSION = YES;
				CLANG_WARN_INT_CONVERSION = YES;
				CLANG_WARN_NON_LITERAL_NULL_CONVERSION = YES;
				CLANG_WARN_OBJC_IMPLICIT_RETAIN_SELF = YES;
				CLANG_WARN_OBJC_LITERAL_CONVERSION = YES;
				CLANG_WARN_OBJC_ROOT_CLASS = YES_ERROR;
				CLANG_WARN_RANGE_LOOP_ANALYSIS = YES;
				CLANG_WARN_STRICT_PROTOTYPES = YES;
				CLANG_WARN_SUSPICIOUS_MOVE = YES;
				CLANG_WARN_UNGUARDED_AVAILABILITY = YES_AGGRESSIVE;
				CLANG_WARN_UNREACHABLE_CODE = YES;
				CLANG_WARN__DUPLICATE_METHOD_MATCH = YES;
				COPY_PHASE_STRIP = NO;
				DEBUG_INFORMATION_FORMAT = dwarf;
				ENABLE_STRICT_OBJC_MSGSEND = YES;
				ENABLE_TESTABILITY = YES;
				GCC_C_LANGUAGE_STANDARD = gnu11;
				GCC_DYNAMIC_NO_PIC = NO;
				GCC_NO_COMMON_BLOCKS = YES;
				GCC_OPTIMIZATION_LEVEL = 0;
				GCC_PREPROCESSOR_DEFINITIONS = (
					"DEBUG=1",
					"$(inherited)",
				);
				GCC_WARN_64_TO_32_BIT_CONVERSION = YES;
				GCC_WARN_ABOUT_RETURN_TYPE = YES_ERROR;
				GCC_WARN_UNDECLARED_SELECTOR = YES;
				GCC_WARN_UNINITIALIZED_AUTOS = YES_AGGRESSIVE;
				GCC_WARN_UNUSED_FUNCTION = YES;
				GCC_WARN_UNUSED_VARIABLE = YES;
				HEADER_SEARCH_PATHS = ../../../../../XXkit;
				IPHONEOS_DEPLOYMENT_TARGET = 12.0;
				MTL_ENABLE_DEBUG_INFO = INCLUDE_SOURCE;
				MTL_FAST_MATH = YES;
				ONLY_ACTIVE_ARCH = YES;
				SDKROOT = iphoneos;
			};
			name = Debug;
		};
		D37F6A26243C017F00DC2F28 /* Release */ = {
			isa = XCBuildConfiguration;
			buildSettings = {
				ALWAYS_SEARCH_USER_PATHS = NO;
				CLANG_ANALYZER_NONNULL = YES;
				CLANG_ANALYZER_NUMBER_OBJECT_CONVERSION = YES_AGGRESSIVE;
				CLANG_CXX_LANGUAGE_STANDARD = "gnu++14";
				CLANG_CXX_LIBRARY = "libc++";
				CLANG_ENABLE_MODULES = YES;
				CLANG_ENABLE_OBJC_ARC = YES;
				CLANG_ENABLE_OBJC_WEAK = YES;
				CLANG_WARN_BLOCK_CAPTURE_AUTORELEASING = YES;
				CLANG_WARN_BOOL_CONVERSION = YES;
				CLANG_WARN_COMMA = YES;
				CLANG_WARN_CONSTANT_CONVERSION = YES;
				CLANG_WARN_DEPRECATED_OBJC_IMPLEMENTATIONS = YES;
				CLANG_WARN_DIRECT_OBJC_ISA_USAGE = YES_ERROR;
				CLANG_WARN_DOCUMENTATION_COMMENTS = YES;
				CLANG_WARN_EMPTY_BODY = YES;
				CLANG_WARN_ENUM_CONVERSION = YES;
				CLANG_WARN_INFINITE_RECURSION = YES;
				CLANG_WARN_INT_CONVERSION = YES;
				CLANG_WARN_NON_LITERAL_NULL_CONVERSION = YES;
				CLANG_WARN_OBJC_IMPLICIT_RETAIN_SELF = YES;
				CLANG_WARN_OBJC_LITERAL_CONVERSION = YES;
				CLANG_WARN_OBJC_ROOT_CLASS = YES_ERROR;
				CLANG_WARN_RANGE_LOOP_ANALYSIS = YES;
				CLANG_WARN_STRICT_PROTOTYPES = YES;
				CLANG_WARN_SUSPICIOUS_MOVE = YES;
				CLANG_WARN_UNGUARDED_AVAILABILITY = YES_AGGRESSIVE;
				CLANG_WARN_UNREACHABLE_CODE = YES;
				CLANG_WARN__DUPLICATE_METHOD_MATCH = YES;
				COPY_PHASE_STRIP = NO;
				DEBUG_INFORMATION_FORMAT = "dwarf-with-dsym";
				ENABLE_NS_ASSERTIONS = NO;
				ENABLE_STRICT_OBJC_MSGSEND = YES;
				GCC_C_LANGUAGE_STANDARD = gnu11;
				GCC_NO_COMMON_BLOCKS = YES;
				GCC_WARN_64_TO_32_BIT_CONVERSION = YES;
				GCC_WARN_ABOUT_RETURN_TYPE = YES_ERROR;
				GCC_WARN_UNDECLARED_SELECTOR = YES;
				GCC_WARN_UNINITIALIZED_AUTOS = YES_AGGRESSIVE;
				GCC_WARN_UNUSED_FUNCTION = YES;
				GCC_WARN_UNUSED_VARIABLE = YES;
				HEADER_SEARCH_PATHS = ../../../../../XXkit;
				IPHONEOS_DEPLOYMENT_TARGET = 12.0;
				MTL_ENABLE_DEBUG_INFO = NO;
				MTL_FAST_MATH = YES;
				SDKROOT = iphoneos;
				VALIDATE_PRODUCT = YES;
			};
			name = Release;
		};
		D37F6A28243C017F00DC2F28 /* Debug */ = {
			isa = XCBuildConfiguration;
			buildSettings = {
				ASSETCATALOG_COMPILER_APPICON_NAME = AppIcon;
				CLANG_ENABLE_MODULES = YES;
				CODE_SIGN_ENTITLEMENTS = XXkitProject/XXkitProject.entitlements;
				CODE_SIGN_STYLE = Automatic;
				DEVELOPMENT_TEAM = 36CJ297PL9;
				INFOPLIST_FILE = XXkitProject/Info.plist;
				LD_RUNPATH_SEARCH_PATHS = (
					"$(inherited)",
					"@executable_path/Frameworks",
				);
				PRODUCT_BUNDLE_IDENTIFIER = xxx.com.XXkitProject;
				PRODUCT_NAME = "$(TARGET_NAME)";
				SWIFT_OBJC_BRIDGING_HEADER = "XXkitProject-Bridging-Header.h";
				SWIFT_OPTIMIZATION_LEVEL = "-Onone";
				SWIFT_VERSION = 5.0;
				TARGETED_DEVICE_FAMILY = "1,2";
			};
			name = Debug;
		};
		D37F6A29243C017F00DC2F28 /* Release */ = {
			isa = XCBuildConfiguration;
			buildSettings = {
				ASSETCATALOG_COMPILER_APPICON_NAME = AppIcon;
				CLANG_ENABLE_MODULES = YES;
				CODE_SIGN_ENTITLEMENTS = XXkitProject/XXkitProject.entitlements;
				CODE_SIGN_STYLE = Automatic;
				DEVELOPMENT_TEAM = 36CJ297PL9;
				INFOPLIST_FILE = XXkitProject/Info.plist;
				LD_RUNPATH_SEARCH_PATHS = (
					"$(inherited)",
					"@executable_path/Frameworks",
				);
				PRODUCT_BUNDLE_IDENTIFIER = xxx.com.XXkitProject;
				PRODUCT_NAME = "$(TARGET_NAME)";
				SWIFT_OBJC_BRIDGING_HEADER = "XXkitProject-Bridging-Header.h";
				SWIFT_VERSION = 5.0;
				TARGETED_DEVICE_FAMILY = "1,2";
			};
			name = Release;
		};
		D37F6A2B243C017F00DC2F28 /* Debug */ = {
			isa = XCBuildConfiguration;
			buildSettings = {
				BUNDLE_LOADER = "$(TEST_HOST)";
				CODE_SIGN_STYLE = Automatic;
				INFOPLIST_FILE = XXkitProjectTests/Info.plist;
				IPHONEOS_DEPLOYMENT_TARGET = 13.2;
				LD_RUNPATH_SEARCH_PATHS = (
					"$(inherited)",
					"@executable_path/Frameworks",
					"@loader_path/Frameworks",
				);
				PRODUCT_BUNDLE_IDENTIFIER = xx.com.XXkitProjectTests;
				PRODUCT_NAME = "$(TARGET_NAME)";
				TARGETED_DEVICE_FAMILY = "1,2";
				TEST_HOST = "$(BUILT_PRODUCTS_DIR)/XXkitProject.app/XXkitProject";
			};
			name = Debug;
		};
		D37F6A2C243C017F00DC2F28 /* Release */ = {
			isa = XCBuildConfiguration;
			buildSettings = {
				BUNDLE_LOADER = "$(TEST_HOST)";
				CODE_SIGN_STYLE = Automatic;
				INFOPLIST_FILE = XXkitProjectTests/Info.plist;
				IPHONEOS_DEPLOYMENT_TARGET = 13.2;
				LD_RUNPATH_SEARCH_PATHS = (
					"$(inherited)",
					"@executable_path/Frameworks",
					"@loader_path/Frameworks",
				);
				PRODUCT_BUNDLE_IDENTIFIER = xx.com.XXkitProjectTests;
				PRODUCT_NAME = "$(TARGET_NAME)";
				TARGETED_DEVICE_FAMILY = "1,2";
				TEST_HOST = "$(BUILT_PRODUCTS_DIR)/XXkitProject.app/XXkitProject";
			};
			name = Release;
		};
		D37F6A2E243C017F00DC2F28 /* Debug */ = {
			isa = XCBuildConfiguration;
			buildSettings = {
				CODE_SIGN_STYLE = Automatic;
				INFOPLIST_FILE = XXkitProjectUITests/Info.plist;
				LD_RUNPATH_SEARCH_PATHS = (
					"$(inherited)",
					"@executable_path/Frameworks",
					"@loader_path/Frameworks",
				);
				PRODUCT_BUNDLE_IDENTIFIER = xx.com.XXkitProjectUITests;
				PRODUCT_NAME = "$(TARGET_NAME)";
				TARGETED_DEVICE_FAMILY = "1,2";
				TEST_TARGET_NAME = XXkitProject;
			};
			name = Debug;
		};
		D37F6A2F243C017F00DC2F28 /* Release */ = {
			isa = XCBuildConfiguration;
			buildSettings = {
				CODE_SIGN_STYLE = Automatic;
				INFOPLIST_FILE = XXkitProjectUITests/Info.plist;
				LD_RUNPATH_SEARCH_PATHS = (
					"$(inherited)",
					"@executable_path/Frameworks",
					"@loader_path/Frameworks",
				);
				PRODUCT_BUNDLE_IDENTIFIER = xx.com.XXkitProjectUITests;
				PRODUCT_NAME = "$(TARGET_NAME)";
				TARGETED_DEVICE_FAMILY = "1,2";
				TEST_TARGET_NAME = XXkitProject;
			};
			name = Release;
		};
/* End XCBuildConfiguration section */

/* Begin XCConfigurationList section */
		D37F69F3243C017E00DC2F28 /* Build configuration list for PBXProject "XXkitProject" */ = {
			isa = XCConfigurationList;
			buildConfigurations = (
				D37F6A25243C017F00DC2F28 /* Debug */,
				D37F6A26243C017F00DC2F28 /* Release */,
			);
			defaultConfigurationIsVisible = 0;
			defaultConfigurationName = Release;
		};
		D37F6A27243C017F00DC2F28 /* Build configuration list for PBXNativeTarget "XXkitProject" */ = {
			isa = XCConfigurationList;
			buildConfigurations = (
				D37F6A28243C017F00DC2F28 /* Debug */,
				D37F6A29243C017F00DC2F28 /* Release */,
			);
			defaultConfigurationIsVisible = 0;
			defaultConfigurationName = Release;
		};
		D37F6A2A243C017F00DC2F28 /* Build configuration list for PBXNativeTarget "XXkitProjectTests" */ = {
			isa = XCConfigurationList;
			buildConfigurations = (
				D37F6A2B243C017F00DC2F28 /* Debug */,
				D37F6A2C243C017F00DC2F28 /* Release */,
			);
			defaultConfigurationIsVisible = 0;
			defaultConfigurationName = Release;
		};
		D37F6A2D243C017F00DC2F28 /* Build configuration list for PBXNativeTarget "XXkitProjectUITests" */ = {
			isa = XCConfigurationList;
			buildConfigurations = (
				D37F6A2E243C017F00DC2F28 /* Debug */,
				D37F6A2F243C017F00DC2F28 /* Release */,
			);
			defaultConfigurationIsVisible = 0;
			defaultConfigurationName = Release;
		};
/* End XCConfigurationList section */

/* Begin XCVersionGroup section */
		D3286E7A246B9F9500B0A958 /* XXcoreModel.xcdatamodeld */ = {
			isa = XCVersionGroup;
			children = (
				D3286E7B246B9F9500B0A958 /* XXcoreModel.xcdatamodel */,
			);
			currentVersion = D3286E7B246B9F9500B0A958 /* XXcoreModel.xcdatamodel */;
			path = XXcoreModel.xcdatamodeld;
			sourceTree = "<group>";
			versionGroupType = wrapper.xcdatamodel;
		};
/* End XCVersionGroup section */
	};
	rootObject = D37F69F0243C017E00DC2F28 /* Project object */;
}
